
Microsoft Visual Studio Solution File, Format Version 12.00
# Visual Studio Version 16
VisualStudioVersion = 16.0.29728.190
MinimumVisualStudioVersion = 10.0.40219.1
Project("{9A19103F-16F7-4668-BE54-9A1E7A4F7556}") = "IPWAdmin", "IPWAdmin.csproj", "{BDEF3556-BE49-4EE3-AAAE-0BB0C158303C}"
EndProject
Project("{9A19103F-16F7-4668-BE54-9A1E7A4F7556}") = "IPWService", "..\..\IPWServiceRepo-master\IPWService\IPWService.csproj", "{52F7D1C4-E89C-4463-B1FE-39C93F62A973}"
EndProject
Global
	GlobalSection(SolutionConfigurationPlatforms) = preSolution
		Debug|Any CPU = Debug|Any CPU
		Release|Any CPU = Release|Any CPU
	EndGlobalSection
	GlobalSection(ProjectConfigurationPlatforms) = postSolution
		{BDEF3556-BE49-4EE3-AAAE-0BB0C158303C}.Debug|Any CPU.ActiveCfg = Debug|Any CPU
		{BDEF3556-BE49-4EE3-AAAE-0BB0C158303C}.Debug|Any CPU.Build.0 = Debug|Any CPU
		{BDEF3556-BE49-4EE3-AAAE-0BB0C158303C}.Release|Any CPU.ActiveCfg = Release|Any CPU
		{BDEF3556-BE49-4EE3-AAAE-0BB0C158303C}.Release|Any CPU.Build.0 = Release|Any CPU
		{52F7D1C4-E89C-4463-B1FE-39C93F62A973}.Debug|Any CPU.ActiveCfg = Debug|Any CPU
		{52F7D1C4-E89C-4463-B1FE-39C93F62A973}.Debug|Any CPU.Build.0 = Debug|Any CPU
		{52F7D1C4-E89C-4463-B1FE-39C93F62A973}.Release|Any CPU.ActiveCfg = Release|Any CPU
		{52F7D1C4-E89C-4463-B1FE-39C93F62A973}.Release|Any CPU.Build.0 = Release|Any CPU
	EndGlobalSection
	GlobalSection(SolutionProperties) = preSolution
		HideSolutionNode = FALSE
	EndGlobalSection
	GlobalSection(ExtensibilityGlobals) = postSolution
		SolutionGuid = {A682E31E-15E7-4FD8-918A-BCFC66AA3E3F}
	EndGlobalSection
EndGlobal
